{
  "requires": true,
  "lockfileVersion": 1,
  "dependencies": {
    "handlebars-helper-i18n": {
      "version": "0.1.0",
      "resolved": "https://registry.npmjs.org/handlebars-helper-i18n/-/handlebars-helper-i18n-0.1.0.tgz",
      "integrity": "sha1-YymyxjJkskUe6l+eJvr3tlavntU=",
      "dev": true
    }
  }
}
